
Microsoft Visual Studio Solution File, Format Version 12.00
# Visual Studio Version 16
VisualStudioVersion = 16.0.30413.136
MinimumVisualStudioVersion = 10.0.40219.1
Project("{F184B08F-C81C-45F6-A57F-5ABD9991F28F}") = "SayMyName", "SayMyName.vbproj", "{9A68A907-501A-4E21-B76C-2157EC376D66}"
EndProject
Global
	GlobalSection(SolutionConfigurationPlatforms) = preSolution
		Debug|Any CPU = Debug|Any CPU
		Release|Any CPU = Release|Any CPU
	EndGlobalSection
	GlobalSection(ProjectConfigurationPlatforms) = postSolution
		{9A68A907-501A-4E21-B76C-2157EC376D66}.Debug|Any CPU.ActiveCfg = Debug|Any CPU
		{9A68A907-501A-4E21-B76C-2157EC376D66}.Debug|Any CPU.Build.0 = Debug|Any CPU
		{9A68A907-501A-4E21-B76C-2157EC376D66}.Release|Any CPU.ActiveCfg = Release|Any CPU
		{9A68A907-501A-4E21-B76C-2157EC376D66}.Release|Any CPU.Build.0 = Release|Any CPU
	EndGlobalSection
	GlobalSection(SolutionProperties) = preSolution
		HideSolutionNode = FALSE
	EndGlobalSection
	GlobalSection(ExtensibilityGlobals) = postSolution
		SolutionGuid = {28FC1A6D-F478-477F-A452-53D0DABF38E5}
	EndGlobalSection
EndGlobal
